// !$*UTF8*$!
{
	archiveVersion = 1;
	classes = {
	};
	objectVersion = 77;
	objects = {

/* Begin PBXContainerItemProxy section */
		2FA6D3002D0AD6B70094C5E5 /* PBXContainerItemProxy */ = {
			isa = PBXContainerItemProxy;
			containerPortal = 2FA6D2E72D0AD6B60094C5E5 /* Project object */;
			proxyType = 1;
			remoteGlobalIDString = 2FA6D2EE2D0AD6B60094C5E5;
			remoteInfo = NeoSoftAssessmentSwiftUI;
		};
		2FA6D30A2D0AD6B70094C5E5 /* PBXContainerItemProxy */ = {
			isa = PBXContainerItemProxy;
			containerPortal = 2FA6D2E72D0AD6B60094C5E5 /* Project object */;
			proxyType = 1;
			remoteGlobalIDString = 2FA6D2EE2D0AD6B60094C5E5;
			remoteInfo = NeoSoftAssessmentSwiftUI;
		};
/* End PBXContainerItemProxy section */

/* Begin PBXFileReference section */
		2FA6D2EF2D0AD6B60094C5E5 /* NeoSoftAssessmentSwiftUI.app */ = {isa = PBXFileReference; explicitFileType = wrapper.application; includeInIndex = 0; path = NeoSoftAssessmentSwiftUI.app; sourceTree = BUILT_PRODUCTS_DIR; };
		2FA6D2FF2D0AD6B70094C5E5 /* NeoSoftAssessmentSwiftUITests.xctest */ = {isa = PBXFileReference; explicitFileType = wrapper.cfbundle; includeInIndex = 0; path = NeoSoftAssessmentSwiftUITests.xctest; sourceTree = BUILT_PRODUCTS_DIR; };
		2FA6D3092D0AD6B70094C5E5 /* NeoSoftAssessmentSwiftUIUITests.xctest */ = {isa = PBXFileReference; explicitFileType = wrapper.cfbundle; includeInIndex = 0; path = NeoSoftAssessmentSwiftUIUITests.xctest; sourceTree = BUILT_PRODUCTS_DIR; };
/* End PBXFileReference section */

/* Begin PBXFileSystemSynchronizedBuildFileExceptionSet section */
		2F78A5F62D0C647300D1F455 /* Exceptions for "NeoSoftAssessmentSwiftUIUITests" folder in "NeoSoftAssessmentSwiftUIUITests" target */ = {
			isa = PBXFileSystemSynchronizedBuildFileExceptionSet;
			membershipExceptions = (
				ViewModelTests.swift,
			);
			target = 2FA6D3082D0AD6B70094C5E5 /* NeoSoftAssessmentSwiftUIUITests */;
		};
		2F78A5F82D0C647700D1F455 /* Exceptions for "NeoSoftAssessmentSwiftUIUITests" folder in "NeoSoftAssessmentSwiftUITests" target */ = {
			isa = PBXFileSystemSynchronizedBuildFileExceptionSet;
			membershipExceptions = (
				ViewModelTests.swift,
			);
			target = 2FA6D2FE2D0AD6B70094C5E5 /* NeoSoftAssessmentSwiftUITests */;
		};
/* End PBXFileSystemSynchronizedBuildFileExceptionSet section */

/* Begin PBXFileSystemSynchronizedRootGroup section */
		2FA6D2F12D0AD6B60094C5E5 /* NeoSoftAssessmentSwiftUI */ = {
			isa = PBXFileSystemSynchronizedRootGroup;
			path = NeoSoftAssessmentSwiftUI;
			sourceTree = "<group>";
		};
		2FA6D3022D0AD6B70094C5E5 /* NeoSoftAssessmentSwiftUITests */ = {
			isa = PBXFileSystemSynchronizedRootGroup;
			path = NeoSoftAssessmentSwiftUITests;
			sourceTree = "<group>";
		};
		2FA6D30C2D0AD6B70094C5E5 /* NeoSoftAssessmentSwiftUIUITests */ = {
			isa = PBXFileSystemSynchronizedRootGroup;
			exceptions = (
				2F78A5F82D0C647700D1F455 /* Exceptions for "NeoSoftAssessmentSwiftUIUITests" folder in "NeoSoftAssessmentSwiftUITests" target */,
				2F78A5F62D0C647300D1F455 /* Exceptions for "NeoSoftAssessmentSwiftUIUITests" folder in "NeoSoftAssessmentSwiftUIUITests" target */,
			);
			path = NeoSoftAssessmentSwiftUIUITests;
			sourceTree = "<group>";
		};
/* End PBXFileSystemSynchronizedRootGroup section */

/* Begin PBXFrameworksBuildPhase section */
		2FA6D2EC2D0AD6B60094C5E5 /* Frameworks */ = {
			isa = PBXFrameworksBuildPhase;
			buildActionMask = 2147483647;
			files = (
			);
			runOnlyForDeploymentPostprocessing = 0;
		};
		2FA6D2FC2D0AD6B70094C5E5 /* Frameworks */ = {
			isa = PBXFrameworksBuildPhase;
			buildActionMask = 2147483647;
			files = (
			);
			runOnlyForDeploymentPostprocessing = 0;
		};
		2FA6D3062D0AD6B70094C5E5 /* Frameworks */ = {
			isa = PBXFrameworksBuildPhase;
			buildActionMask = 2147483647;
			files = (
			);
			runOnlyForDeploymentPostprocessing = 0;
		};
/* End PBXFrameworksBuildPhase section */

/* Begin PBXGroup section */
		2FA6D2E62D0AD6B60094C5E5 = {
			isa = PBXGroup;
			children = (
				2FA6D2F12D0AD6B60094C5E5 /* NeoSoftAssessmentSwiftUI */,
				2FA6D3022D0AD6B70094C5E5 /* NeoSoftAssessmentSwiftUITests */,
				2FA6D30C2D0AD6B70094C5E5 /* NeoSoftAssessmentSwiftUIUITests */,
				2FA6D2F02D0AD6B60094C5E5 /* Products */,
			);
			sourceTree = "<group>";
		};
		2FA6D2F02D0AD6B60094C5E5 /* Products */ = {
			isa = PBXGroup;
			children = (
				2FA6D2EF2D0AD6B60094C5E5 /* NeoSoftAssessmentSwiftUI.app */,
				2FA6D2FF2D0AD6B70094C5E5 /* NeoSoftAssessmentSwiftUITests.xctest */,
				2FA6D3092D0AD6B70094C5E5 /* NeoSoftAssessmentSwiftUIUITests.xctest */,
			);
			name = Products;
			sourceTree = "<group>";
		};
/* End PBXGroup section */

/* Begin PBXNativeTarget section */
		2FA6D2EE2D0AD6B60094C5E5 /* NeoSoftAssessmentSwiftUI */ = {
			isa = PBXNativeTarget;
			buildConfigurationList = 2FA6D3132D0AD6B70094C5E5 /* Build configuration list for PBXNativeTarget "NeoSoftAssessmentSwiftUI" */;
			buildPhases = (
				2FA6D2EB2D0AD6B60094C5E5 /* Sources */,
				2FA6D2EC2D0AD6B60094C5E5 /* Frameworks */,
				2FA6D2ED2D0AD6B60094C5E5 /* Resources */,
			);
			buildRules = (
			);
			dependencies = (
			);
			fileSystemSynchronizedGroups = (
				2FA6D2F12D0AD6B60094C5E5 /* NeoSoftAssessmentSwiftUI */,
			);
			name = NeoSoftAssessmentSwiftUI;
			packageProductDependencies = (
			);
			productName = NeoSoftAssessmentSwiftUI;
			productReference = 2FA6D2EF2D0AD6B60094C5E5 /* NeoSoftAssessmentSwiftUI.app */;
			productType = "com.apple.product-type.application";
		};
		2FA6D2FE2D0AD6B70094C5E5 /* NeoSoftAssessmentSwiftUITests */ = {
			isa = PBXNativeTarget;
			buildConfigurationList = 2FA6D3162D0AD6B70094C5E5 /* Build configuration list for PBXNativeTarget "NeoSoftAssessmentSwiftUITests" */;
			buildPhases = (
				2FA6D2FB2D0AD6B70094C5E5 /* Sources */,
				2FA6D2FC2D0AD6B70094C5E5 /* Frameworks */,
				2FA6D2FD2D0AD6B70094C5E5 /* Resources */,
			);
			buildRules = (
			);
			dependencies = (
				2FA6D3012D0AD6B70094C5E5 /* PBXTargetDependency */,
			);
			fileSystemSynchronizedGroups = (
				2FA6D3022D0AD6B70094C5E5 /* NeoSoftAssessmentSwiftUITests */,
			);
			name = NeoSoftAssessmentSwiftUITests;
			packageProductDependencies = (
			);
			productName = NeoSoftAssessmentSwiftUITests;
			productReference = 2FA6D2FF2D0AD6B70094C5E5 /* NeoSoftAssessmentSwiftUITests.xctest */;
			productType = "com.apple.product-type.bundle.unit-test";
		};
		2FA6D3082D0AD6B70094C5E5 /* NeoSoftAssessmentSwiftUIUITests */ = {
			isa = PBXNativeTarget;
			buildConfigurationList = 2FA6D3192D0AD6B70094C5E5 /* Build configuration list for PBXNativeTarget "NeoSoftAssessmentSwiftUIUITests" */;
			buildPhases = (
				2FA6D3052D0AD6B70094C5E5 /* Sources */,
				2FA6D3062D0AD6B70094C5E5 /* Frameworks */,
				2FA6D3072D0AD6B70094C5E5 /* Resources */,
			);
			buildRules = (
			);
			dependencies = (
				2FA6D30B2D0AD6B70094C5E5 /* PBXTargetDependency */,
			);
			fileSystemSynchronizedGroups = (
				2FA6D30C2D0AD6B70094C5E5 /* NeoSoftAssessmentSwiftUIUITests */,
			);
			name = NeoSoftAssessmentSwiftUIUITests;
			packageProductDependencies = (
			);
			productName = NeoSoftAssessmentSwiftUIUITests;
			productReference = 2FA6D3092D0AD6B70094C5E5 /* NeoSoftAssessmentSwiftUIUITests.xctest */;
			productType = "com.apple.product-type.bundle.ui-testing";
		};
/* End PBXNativeTarget section */

/* Begin PBXProject section */
		2FA6D2E72D0AD6B60094C5E5 /* Project object */ = {
			isa = PBXProject;
			attributes = {
				BuildIndependentTargetsInParallel = 1;
				LastSwiftUpdateCheck = 1610;
				LastUpgradeCheck = 1610;
				TargetAttributes = {
					2FA6D2EE2D0AD6B60094C5E5 = {
						CreatedOnToolsVersion = 16.1;
					};
					2FA6D2FE2D0AD6B70094C5E5 = {
						CreatedOnToolsVersion = 16.1;
						TestTargetID = 2FA6D2EE2D0AD6B60094C5E5;
					};
					2FA6D3082D0AD6B70094C5E5 = {
						CreatedOnToolsVersion = 16.1;
						TestTargetID = 2FA6D2EE2D0AD6B60094C5E5;
					};
				};
			};
			buildConfigurationList = 2FA6D2EA2D0AD6B60094C5E5 /* Build configuration list for PBXProject "NeoSoftAssessmentSwiftUI" */;
			developmentRegion = en;
			hasScannedForEncodings = 0;
			knownRegions = (
				en,
				Base,
			);
			mainGroup = 2FA6D2E62D0AD6B60094C5E5;
			minimizedProjectReferenceProxies = 1;
			preferredProjectObjectVersion = 77;
			productRefGroup = 2FA6D2F02D0AD6B60094C5E5 /* Products */;
			projectDirPath = "";
			projectRoot = "";
			targets = (
				2FA6D2EE2D0AD6B60094C5E5 /* NeoSoftAssessmentSwiftUI */,
				2FA6D2FE2D0AD6B70094C5E5 /* NeoSoftAssessmentSwiftUITests */,
				2FA6D3082D0AD6B70094C5E5 /* NeoSoftAssessmentSwiftUIUITests */,
			);
		};
/* End PBXProject section */

/* Begin PBXResourcesBuildPhase section */
		2FA6D2ED2D0AD6B60094C5E5 /* Resources */ = {
			isa = PBXResourcesBuildPhase;
			buildActionMask = 2147483647;
			files = (
			);
			runOnlyForDeploymentPostprocessing = 0;
		};
		2FA6D2FD2D0AD6B70094C5E5 /* Resources */ = {
			isa = PBXResourcesBuildPhase;
			buildActionMask = 2147483647;
			files = (
			);
			runOnlyForDeploymentPostprocessing = 0;
		};
		2FA6D3072D0AD6B70094C5E5 /* Resources */ = {
			isa = PBXResourcesBuildPhase;
			buildActionMask = 2147483647;
			files = (
			);
			runOnlyForDeploymentPostprocessing = 0;
		};
/* End PBXResourcesBuildPhase section */

/* Begin PBXSourcesBuildPhase section */
		2FA6D2EB2D0AD6B60094C5E5 /* Sources */ = {
			isa = PBXSourcesBuildPhase;
			buildActionMask = 2147483647;
			files = (
			);
			runOnlyForDeploymentPostprocessing = 0;
		};
		2FA6D2FB2D0AD6B70094C5E5 /* Sources */ = {
			isa = PBXSourcesBuildPhase;
			buildActionMask = 2147483647;
			files = (
			);
			runOnlyForDeploymentPostprocessing = 0;
		};
		2FA6D3052D0AD6B70094C5E5 /* Sources */ = {
			isa = PBXSourcesBuildPhase;
			buildActionMask = 2147483647;
			files = (
			);
			runOnlyForDeploymentPostprocessing = 0;
		};
/* End PBXSourcesBuildPhase section */

/* Begin PBXTargetDependency section */
		2FA6D3012D0AD6B70094C5E5 /* PBXTargetDependency */ = {
			isa = PBXTargetDependency;
			target = 2FA6D2EE2D0AD6B60094C5E5 /* NeoSoftAssessmentSwiftUI */;
			targetProxy = 2FA6D3002D0AD6B70094C5E5 /* PBXContainerItemProxy */;
		};
		2FA6D30B2D0AD6B70094C5E5 /* PBXTargetDependency */ = {
			isa = PBXTargetDependency;
			target = 2FA6D2EE2D0AD6B60094C5E5 /* NeoSoftAssessmentSwiftUI */;
			targetProxy = 2FA6D30A2D0AD6B70094C5E5 /* PBXContainerItemProxy */;
		};
/* End PBXTargetDependency section */

/* Begin XCBuildConfiguration section */
		2FA6D3112D0AD6B70094C5E5 /* Debug */ = {
			isa = XCBuildConfiguration;
			buildSettings = {
				ALWAYS_SEARCH_USER_PATHS = NO;
				ASSETCATALOG_COMPILER_GENERATE_SWIFT_ASSET_SYMBOL_EXTENSIONS = YES;
				CLANG_ANALYZER_NONNULL = YES;
				CLANG_ANALYZER_NUMBER_OBJECT_CONVERSION = YES_AGGRESSIVE;
				CLANG_CXX_LANGUAGE_STANDARD = "gnu++20";
				CLANG_ENABLE_MODULES = YES;
				CLANG_ENABLE_OBJC_ARC = YES;
				CLANG_ENABLE_OBJC_WEAK = YES;
				CLANG_WARN_BLOCK_CAPTURE_AUTORELEASING = YES;
				CLANG_WARN_BOOL_CONVERSION = YES;
				CLANG_WARN_COMMA = YES;
				CLANG_WARN_CONSTANT_CONVERSION = YES;
				CLANG_WARN_DEPRECATED_OBJC_IMPLEMENTATIONS = YES;
				CLANG_WARN_DIRECT_OBJC_ISA_USAGE = YES_ERROR;
				CLANG_WARN_DOCUMENTATION_COMMENTS = YES;
				CLANG_WARN_EMPTY_BODY = YES;
				CLANG_WARN_ENUM_CONVERSION = YES;
				CLANG_WARN_INFINITE_RECURSION = YES;
				CLANG_WARN_INT_CONVERSION = YES;
				CLANG_WARN_NON_LITERAL_NULL_CONVERSION = YES;
				CLANG_WARN_OBJC_IMPLICIT_RETAIN_SELF = YES;
				CLANG_WARN_OBJC_LITERAL_CONVERSION = YES;
				CLANG_WARN_OBJC_ROOT_CLASS = YES_ERROR;
				CLANG_WARN_QUOTED_INCLUDE_IN_FRAMEWORK_HEADER = YES;
				CLANG_WARN_RANGE_LOOP_ANALYSIS = YES;
				CLANG_WARN_STRICT_PROTOTYPES = YES;
				CLANG_WARN_SUSPICIOUS_MOVE = YES;
				CLANG_WARN_UNGUARDED_AVAILABILITY = YES_AGGRESSIVE;
				CLANG_WARN_UNREACHABLE_CODE = YES;
				CLANG_WARN__DUPLICATE_METHOD_MATCH = YES;
				COPY_PHASE_STRIP = NO;
				DEBUG_INFORMATION_FORMAT = dwarf;
				ENABLE_STRICT_OBJC_MSGSEND = YES;
				ENABLE_TESTABILITY = YES;
				ENABLE_USER_SCRIPT_SANDBOXING = YES;
				GCC_C_LANGUAGE_STANDARD = gnu17;
				GCC_DYNAMIC_NO_PIC = NO;
				GCC_NO_COMMON_BLOCKS = YES;
				GCC_OPTIMIZATION_LEVEL = 0;
				GCC_PREPROCESSOR_DEFINITIONS = (
					"DEBUG=1",
					"$(inherited)",
				);
				GCC_WARN_64_TO_32_BIT_CONVERSION = YES;
				GCC_WARN_ABOUT_RETURN_TYPE = YES_ERROR;
				GCC_WARN_UNDECLARED_SELECTOR = YES;
				GCC_WARN_UNINITIALIZED_AUTOS = YES_AGGRESSIVE;
				GCC_WARN_UNUSED_FUNCTION = YES;
				GCC_WARN_UNUSED_VARIABLE = YES;
				IPHONEOS_DEPLOYMENT_TARGET = 18.1;
				LOCALIZATION_PREFERS_STRING_CATALOGS = YES;
				MTL_ENABLE_DEBUG_INFO = INCLUDE_SOURCE;
				MTL_FAST_MATH = YES;
				ONLY_ACTIVE_ARCH = YES;
				SDKROOT = iphoneos;
				SWIFT_ACTIVE_COMPILATION_CONDITIONS = "DEBUG $(inherited)";
				SWIFT_OPTIMIZATION_LEVEL = "-Onone";
			};
			name = Debug;
		};
		2FA6D3122D0AD6B70094C5E5 /* Release */ = {
			isa = XCBuildConfiguration;
			buildSettings = {
				ALWAYS_SEARCH_USER_PATHS = NO;
				ASSETCATALOG_COMPILER_GENERATE_SWIFT_ASSET_SYMBOL_EXTENSIONS = YES;
				CLANG_ANALYZER_NONNULL = YES;
				CLANG_ANALYZER_NUMBER_OBJECT_CONVERSION = YES_AGGRESSIVE;
				CLANG_CXX_LANGUAGE_STANDARD = "gnu++20";
				CLANG_ENABLE_MODULES = YES;
				CLANG_ENABLE_OBJC_ARC = YES;
				CLANG_ENABLE_OBJC_WEAK = YES;
				CLANG_WARN_BLOCK_CAPTURE_AUTORELEASING = YES;
				CLANG_WARN_BOOL_CONVERSION = YES;
				CLANG_WARN_COMMA = YES;
				CLANG_WARN_CONSTANT_CONVERSION = YES;
				CLANG_WARN_DEPRECATED_OBJC_IMPLEMENTATIONS = YES;
				CLANG_WARN_DIRECT_OBJC_ISA_USAGE = YES_ERROR;
				CLANG_WARN_DOCUMENTATION_COMMENTS = YES;
				CLANG_WARN_EMPTY_BODY = YES;
				CLANG_WARN_ENUM_CONVERSION = YES;
				CLANG_WARN_INFINITE_RECURSION = YES;
				CLANG_WARN_INT_CONVERSION = YES;
				CLANG_WARN_NON_LITERAL_NULL_CONVERSION = YES;
				CLANG_WARN_OBJC_IMPLICIT_RETAIN_SELF = YES;
				CLANG_WARN_OBJC_LITERAL_CONVERSION = YES;
				CLANG_WARN_OBJC_ROOT_CLASS = YES_ERROR;
				CLANG_WARN_QUOTED_INCLUDE_IN_FRAMEWORK_HEADER = YES;
				CLANG_WARN_RANGE_LOOP_ANALYSIS = YES;
				CLANG_WARN_STRICT_PROTOTYPES = YES;
				CLANG_WARN_SUSPICIOUS_MOVE = YES;
				CLANG_WARN_UNGUARDED_AVAILABILITY = YES_AGGRESSIVE;
				CLANG_WARN_UNREACHABLE_CODE = YES;
				CLANG_WARN__DUPLICATE_METHOD_MATCH = YES;
				COPY_PHASE_STRIP = NO;
				DEBUG_INFORMATION_FORMAT = "dwarf-with-dsym";
				ENABLE_NS_ASSERTIONS = NO;
				ENABLE_STRICT_OBJC_MSGSEND = YES;
				ENABLE_USER_SCRIPT_SANDBOXING = YES;
				GCC_C_LANGUAGE_STANDARD = gnu17;
				GCC_NO_COMMON_BLOCKS = YES;
				GCC_WARN_64_TO_32_BIT_CONVERSION = YES;
				GCC_WARN_ABOUT_RETURN_TYPE = YES_ERROR;
				GCC_WARN_UNDECLARED_SELECTOR = YES;
				GCC_WARN_UNINITIALIZED_AUTOS = YES_AGGRESSIVE;
				GCC_WARN_UNUSED_FUNCTION = YES;
				GCC_WARN_UNUSED_VARIABLE = YES;
				IPHONEOS_DEPLOYMENT_TARGET = 18.1;
				LOCALIZATION_PREFERS_STRING_CATALOGS = YES;
				MTL_ENABLE_DEBUG_INFO = NO;
				MTL_FAST_MATH = YES;
				SDKROOT = iphoneos;
				SWIFT_COMPILATION_MODE = wholemodule;
				VALIDATE_PRODUCT = YES;
			};
			name = Release;
		};
		2FA6D3142D0AD6B70094C5E5 /* Debug */ = {
			isa = XCBuildConfiguration;
			buildSettings = {
				ASSETCATALOG_COMPILER_APPICON_NAME = AppIcon;
				ASSETCATALOG_COMPILER_GLOBAL_ACCENT_COLOR_NAME = AccentColor;
				CODE_SIGN_STYLE = Manual;
				CURRENT_PROJECT_VERSION = 1;
				DEVELOPMENT_ASSET_PATHS = "\"NeoSoftAssessmentSwiftUI/Preview Content\"";
				DEVELOPMENT_TEAM = "";
				ENABLE_PREVIEWS = YES;
				GENERATE_INFOPLIST_FILE = YES;
				INFOPLIST_KEY_UIApplicationSceneManifest_Generation = YES;
				INFOPLIST_KEY_UIApplicationSupportsIndirectInputEvents = YES;
				INFOPLIST_KEY_UILaunchScreen_Generation = YES;
				INFOPLIST_KEY_UISupportedInterfaceOrientations_iPad = "UIInterfaceOrientationPortrait UIInterfaceOrientationPortraitUpsideDown UIInterfaceOrientationLandscapeLeft UIInterfaceOrientationLandscapeRight";
				INFOPLIST_KEY_UISupportedInterfaceOrientations_iPhone = "UIInterfaceOrientationPortrait UIInterfaceOrientationLandscapeLeft UIInterfaceOrientationLandscapeRight";
				LD_RUNPATH_SEARCH_PATHS = (
					"$(inherited)",
					"@executable_path/Frameworks",
				);
				MARKETING_VERSION = 1.0;
				PRODUCT_BUNDLE_IDENTIFIER = com.test.NeoSoftAssessmentSwiftUI;
				PRODUCT_NAME = "$(TARGET_NAME)";
				PROVISIONING_PROFILE_SPECIFIER = "";
				SWIFT_EMIT_LOC_STRINGS = YES;
				SWIFT_VERSION = 5.0;
				TARGETED_DEVICE_FAMILY = "1,2";
			};
			name = Debug;
		};
		2FA6D3152D0AD6B70094C5E5 /* Release */ = {
			isa = XCBuildConfiguration;
			buildSettings = {
				ASSETCATALOG_COMPILER_APPICON_NAME = AppIcon;
				ASSETCATALOG_COMPILER_GLOBAL_ACCENT_COLOR_NAME = AccentColor;
				CODE_SIGN_STYLE = Manual;
				CURRENT_PROJECT_VERSION = 1;
				DEVELOPMENT_ASSET_PATHS = "\"NeoSoftAssessmentSwiftUI/Preview Content\"";
				DEVELOPMENT_TEAM = "";
				ENABLE_PREVIEWS = YES;
				GENERATE_INFOPLIST_FILE = YES;
				INFOPLIST_KEY_UIApplicationSceneManifest_Generation = YES;
				INFOPLIST_KEY_UIApplicationSupportsIndirectInputEvents = YES;
				INFOPLIST_KEY_UILaunchScreen_Generation = YES;
				INFOPLIST_KEY_UISupportedInterfaceOrientations_iPad = "UIInterfaceOrientationPortrait UIInterfaceOrientationPortraitUpsideDown UIInterfaceOrientationLandscapeLeft UIInterfaceOrientationLandscapeRight";
				INFOPLIST_KEY_UISupportedInterfaceOrientations_iPhone = "UIInterfaceOrientationPortrait UIInterfaceOrientationLandscapeLeft UIInterfaceOrientationLandscapeRight";
				LD_RUNPATH_SEARCH_PATHS = (
					"$(inherited)",
					"@executable_path/Frameworks",
				);
				MARKETING_VERSION = 1.0;
				PRODUCT_BUNDLE_IDENTIFIER = com.test.NeoSoftAssessmentSwiftUI;
				PRODUCT_NAME = "$(TARGET_NAME)";
				PROVISIONING_PROFILE_SPECIFIER = "";
				SWIFT_EMIT_LOC_STRINGS = YES;
				SWIFT_VERSION = 5.0;
				TARGETED_DEVICE_FAMILY = "1,2";
			};
			name = Release;
		};
		2FA6D3172D0AD6B70094C5E5 /* Debug */ = {
			isa = XCBuildConfiguration;
			buildSettings = {
				BUNDLE_LOADER = "$(TEST_HOST)";
				CODE_SIGN_STYLE = Automatic;
				CURRENT_PROJECT_VERSION = 1;
				GENERATE_INFOPLIST_FILE = YES;
				IPHONEOS_DEPLOYMENT_TARGET = 18.1;
				MARKETING_VERSION = 1.0;
				PRODUCT_BUNDLE_IDENTIFIER = com.test.NeoSoftAssessmentSwiftUITests;
				PRODUCT_NAME = "$(TARGET_NAME)";
				SWIFT_EMIT_LOC_STRINGS = NO;
				SWIFT_VERSION = 5.0;
				TARGETED_DEVICE_FAMILY = "1,2";
				TEST_HOST = "$(BUILT_PRODUCTS_DIR)/NeoSoftAssessmentSwiftUI.app/$(BUNDLE_EXECUTABLE_FOLDER_PATH)/NeoSoftAssessmentSwiftUI";
			};
			name = Debug;
		};
		2FA6D3182D0AD6B70094C5E5 /* Release */ = {
			isa = XCBuildConfiguration;
			buildSettings = {
				BUNDLE_LOADER = "$(TEST_HOST)";
				CODE_SIGN_STYLE = Automatic;
				CURRENT_PROJECT_VERSION = 1;
				GENERATE_INFOPLIST_FILE = YES;
				IPHONEOS_DEPLOYMENT_TARGET = 18.1;
				MARKETING_VERSION = 1.0;
				PRODUCT_BUNDLE_IDENTIFIER = com.test.NeoSoftAssessmentSwiftUITests;
				PRODUCT_NAME = "$(TARGET_NAME)";
				SWIFT_EMIT_LOC_STRINGS = NO;
				SWIFT_VERSION = 5.0;
				TARGETED_DEVICE_FAMILY = "1,2";
				TEST_HOST = "$(BUILT_PRODUCTS_DIR)/NeoSoftAssessmentSwiftUI.app/$(BUNDLE_EXECUTABLE_FOLDER_PATH)/NeoSoftAssessmentSwiftUI";
			};
			name = Release;
		};
		2FA6D31A2D0AD6B70094C5E5 /* Debug */ = {
			isa = XCBuildConfiguration;
			buildSettings = {
				CODE_SIGN_STYLE = Automatic;
				CURRENT_PROJECT_VERSION = 1;
				GENERATE_INFOPLIST_FILE = YES;
				MARKETING_VERSION = 1.0;
				PRODUCT_BUNDLE_IDENTIFIER = com.test.NeoSoftAssessmentSwiftUIUITests;
				PRODUCT_NAME = "$(TARGET_NAME)";
				SWIFT_EMIT_LOC_STRINGS = NO;
				SWIFT_VERSION = 5.0;
				TARGETED_DEVICE_FAMILY = "1,2";
				TEST_TARGET_NAME = NeoSoftAssessmentSwiftUI;
			};
			name = Debug;
		};
		2FA6D31B2D0AD6B70094C5E5 /* Release */ = {
			isa = XCBuildConfiguration;
			buildSettings = {
				CODE_SIGN_STYLE = Automatic;
				CURRENT_PROJECT_VERSION = 1;
				GENERATE_INFOPLIST_FILE = YES;
				MARKETING_VERSION = 1.0;
				PRODUCT_BUNDLE_IDENTIFIER = com.test.NeoSoftAssessmentSwiftUIUITests;
				PRODUCT_NAME = "$(TARGET_NAME)";
				SWIFT_EMIT_LOC_STRINGS = NO;
				SWIFT_VERSION = 5.0;
				TARGETED_DEVICE_FAMILY = "1,2";
				TEST_TARGET_NAME = NeoSoftAssessmentSwiftUI;
			};
			name = Release;
		};
/* End XCBuildConfiguration section */

/* Begin XCConfigurationList section */
		2FA6D2EA2D0AD6B60094C5E5 /* Build configuration list for PBXProject "NeoSoftAssessmentSwiftUI" */ = {
			isa = XCConfigurationList;
			buildConfigurations = (
				2FA6D3112D0AD6B70094C5E5 /* Debug */,
				2FA6D3122D0AD6B70094C5E5 /* Release */,
			);
			defaultConfigurationIsVisible = 0;
			defaultConfigurationName = Release;
		};
		2FA6D3132D0AD6B70094C5E5 /* Build configuration list for PBXNativeTarget "NeoSoftAssessmentSwiftUI" */ = {
			isa = XCConfigurationList;
			buildConfigurations = (
				2FA6D3142D0AD6B70094C5E5 /* Debug */,
				2FA6D3152D0AD6B70094C5E5 /* Release */,
			);
			defaultConfigurationIsVisible = 0;
			defaultConfigurationName = Release;
		};
		2FA6D3162D0AD6B70094C5E5 /* Build configuration list for PBXNativeTarget "NeoSoftAssessmentSwiftUITests" */ = {
			isa = XCConfigurationList;
			buildConfigurations = (
				2FA6D3172D0AD6B70094C5E5 /* Debug */,
				2FA6D3182D0AD6B70094C5E5 /* Release */,
			);
			defaultConfigurationIsVisible = 0;
			defaultConfigurationName = Release;
		};
		2FA6D3192D0AD6B70094C5E5 /* Build configuration list for PBXNativeTarget "NeoSoftAssessmentSwiftUIUITests" */ = {
			isa = XCConfigurationList;
			buildConfigurations = (
				2FA6D31A2D0AD6B70094C5E5 /* Debug */,
				2FA6D31B2D0AD6B70094C5E5 /* Release */,
			);
			defaultConfigurationIsVisible = 0;
			defaultConfigurationName = Release;
		};
/* End XCConfigurationList section */
	};
	rootObject = 2FA6D2E72D0AD6B60094C5E5 /* Project object */;
}
